// !$*UTF8*$!
{
	archiveVersion = 1;
	classes = {
	};
	objectVersion = 46;
	objects = {

/* Begin PBXBuildFile section */
		17C273FC1F9C8793003A226F /* main.m in Sources */ = {isa = PBXBuildFile; fileRef = 17C273FB1F9C8793003A226F /* main.m */; };
		17C273FF1F9C8793003A226F /* AppDelegate.m in Sources */ = {isa = PBXBuildFile; fileRef = 17C273FE1F9C8793003A226F /* AppDelegate.m */; };
		17C274021F9C8793003A226F /* ViewController.m in Sources */ = {isa = PBXBuildFile; fileRef = 17C274011F9C8793003A226F /* ViewController.m */; };
		17C274051F9C8793003A226F /* Main.storyboard in Resources */ = {isa = PBXBuildFile; fileRef = 17C274031F9C8793003A226F /* Main.storyboard */; };
		17C274071F9C8793003A226F /* Assets.xcassets in Resources */ = {isa = PBXBuildFile; fileRef = 17C274061F9C8793003A226F /* Assets.xcassets */; };
		17C2740A1F9C8793003A226F /* LaunchScreen.storyboard in Resources */ = {isa = PBXBuildFile; fileRef = 17C274081F9C8793003A226F /* LaunchScreen.storyboard */; };
/* End PBXBuildFile section */

/* Begin PBXFileReference section */
		17C273F71F9C8793003A226F /* iOSProject0001.app */ = {isa = PBXFileReference; explicitFileType = wrapper.application; includeInIndex = 0; path = iOSProject0001.app; sourceTree = BUILT_PRODUCTS_DIR; };
		17C273FB1F9C8793003A226F /* main.m */ = {isa = PBXFileReference; lastKnownFileType = sourcecode.c.objc; path = main.m; sourceTree = "<group>"; };
		17C273FD1F9C8793003A226F /* AppDelegate.h */ = {isa = PBXFileReference; lastKnownFileType = sourcecode.c.h; path = AppDelegate.h; sourceTree = "<group>"; };
		17C273FE1F9C8793003A226F /* AppDelegate.m */ = {isa = PBXFileReference; lastKnownFileType = sourcecode.c.objc; path = AppDelegate.m; sourceTree = "<group>"; };
		17C274001F9C8793003A226F /* ViewController.h */ = {isa = PBXFileReference; lastKnownFileType = sourcecode.c.h; path = ViewController.h; sourceTree = "<group>"; };
		17C274011F9C8793003A226F /* ViewController.m */ = {isa = PBXFileReference; lastKnownFileType = sourcecode.c.objc; path = ViewController.m; sourceTree = "<group>"; };
		17C274041F9C8793003A226F /* Base */ = {isa = PBXFileReference; lastKnownFileType = file.storyboard; name = Base; path = Base.lproj/Main.storyboard; sourceTree = "<group>"; };
		17C274061F9C8793003A226F /* Assets.xcassets */ = {isa = PBXFileReference; lastKnownFileType = folder.assetcatalog; path = Assets.xcassets; sourceTree = "<group>"; };
		17C274091F9C8793003A226F /* Base */ = {isa = PBXFileReference; lastKnownFileType = file.storyboard; name = Base; path = Base.lproj/LaunchScreen.storyboard; sourceTree = "<group>"; };
		17C2740B1F9C8793003A226F /* Info.plist */ = {isa = PBXFileReference; lastKnownFileType = text.plist.xml; path = Info.plist; sourceTree = "<group>"; };
/* End PBXFileReference section */

/* Begin PBXFrameworksBuildPhase section */
		17C273F41F9C8793003A226F /* Frameworks */ = {
			isa = PBXFrameworksBuildPhase;
			buildActionMask = 2147483647;
			files = (
			);
			runOnlyForDeploymentPostprocessing = 0;
		};
/* End PBXFrameworksBuildPhase section */

/* Begin PBXGroup section */
		17C273EE1F9C8793003A226F = {
			isa = PBXGroup;
			children = (
				17C273F91F9C8793003A226F /* iOSProject0001 */,
				17C273F81F9C8793003A226F /* Products */,
			);
			sourceTree = "<group>";
		};
		17C273F81F9C8793003A226F /* Products */ = {
			isa = PBXGroup;
			children = (
				17C273F71F9C8793003A226F /* iOSProject0001.app */,
			);
			name = Products;
			sourceTree = "<group>";
		};
		17C273F91F9C8793003A226F /* iOSProject0001 */ = {
			isa = PBXGroup;
			children = (
				17C273FD1F9C8793003A226F /* AppDelegate.h */,
				17C273FE1F9C8793003A226F /* AppDelegate.m */,
				17C274001F9C8793003A226F /* ViewController.h */,
				17C274011F9C8793003A226F /* ViewController.m */,
				17C274031F9C8793003A226F /* Main.storyboard */,
				17C274061F9C8793003A226F /* Assets.xcassets */,
				17C274081F9C8793003A226F /* LaunchScreen.storyboard */,
				17C2740B1F9C8793003A226F /* Info.plist */,
				17C273FA1F9C8793003A226F /* Supporting Files */,
			);
			path = iOSProject0001;
			sourceTree = "<group>";
		};
		17C273FA1F9C8793003A226F /* Supporting Files */ = {
			isa = PBXGroup;
			children = (
				17C273FB1F9C8793003A226F /* main.m */,
			);
			name = "Supporting Files";
			sourceTree = "<group>";
		};
/* End PBXGroup section */

/* Begin PBXNativeTarget section */
		17C273F61F9C8793003A226F /* iOSProject0001 */ = {
			isa = PBXNativeTarget;
			buildConfigurationList = 17C2740E1F9C8793003A226F /* Build configuration list for PBXNativeTarget "iOSProject0001" */;
			buildPhases = (
				17C273F31F9C8793003A226F /* Sources */,
				17C273F41F9C8793003A226F /* Frameworks */,
				17C273F51F9C8793003A226F /* Resources */,
			);
			buildRules = (
			);
			dependencies = (
			);
			name = iOSProject0001;
			productName = iOSProject0001;
			productReference = 17C273F71F9C8793003A226F /* iOSProject0001.app */;
			productType = "com.apple.product-type.application";
		};
/* End PBXNativeTarget section */

/* Begin PBXProject section */
		17C273EF1F9C8793003A226F /* Project object */ = {
			isa = PBXProject;
			attributes = {
				LastUpgradeCheck = 0830;
				ORGANIZATIONNAME = NowOrNever;
				TargetAttributes = {
					17C273F61F9C8793003A226F = {
						CreatedOnToolsVersion = 8.3.2;
						DevelopmentTeam = 32C6F7YM75;
						ProvisioningStyle = Automatic;
					};
				};
			};
			buildConfigurationList = 17C273F21F9C8793003A226F /* Build configuration list for PBXProject "iOSProject0001" */;
			compatibilityVersion = "Xcode 3.2";
			developmentRegion = English;
			hasScannedForEncodings = 0;
			knownRegions = (
				en,
				Base,
			);
			mainGroup = 17C273EE1F9C8793003A226F;
			productRefGroup = 17C273F81F9C8793003A226F /* Products */;
			projectDirPath = "";
			projectRoot = "";
			targets = (
				17C273F61F9C8793003A226F /* iOSProject0001 */,
			);
		};
/* End PBXProject section */

/* Begin PBXResourcesBuildPhase section */
		17C273F51F9C8793003A226F /* Resources */ = {
			isa = PBXResourcesBuildPhase;
			buildActionMask = 2147483647;
			files = (
				17C2740A1F9C8793003A226F /* LaunchScreen.storyboard in Resources */,
				17C274071F9C8793003A226F /* Assets.xcassets in Resources */,
				17C274051F9C8793003A226F /* Main.storyboard in Resources */,
			);
			runOnlyForDeploymentPostprocessing = 0;
		};
/* End PBXResourcesBuildPhase section */

/* Begin PBXSourcesBuildPhase section */
		17C273F31F9C8793003A226F /* Sources */ = {
			isa = PBXSourcesBuildPhase;
			buildActionMask = 2147483647;
			files = (
				17C274021F9C8793003A226F /* ViewController.m in Sources */,
				17C273FF1F9C8793003A226F /* AppDelegate.m in Sources */,
				17C273FC1F9C8793003A226F /* main.m in Sources */,
			);
			runOnlyForDeploymentPostprocessing = 0;
		};
/* End PBXSourcesBuildPhase section */

/* Begin PBXVariantGroup section */
		17C274031F9C8793003A226F /* Main.storyboard */ = {
			isa = PBXVariantGroup;
			children = (
				17C274041F9C8793003A226F /* Base */,
			);
			name = Main.storyboard;
			sourceTree = "<group>";
		};
		17C274081F9C8793003A226F /* LaunchScreen.storyboard */ = {
			isa = PBXVariantGroup;
			children = (
				17C274091F9C8793003A226F /* Base */,
			);
			name = LaunchScreen.storyboard;
			sourceTree = "<group>";
		};
/* End PBXVariantGroup section */

/* Begin XCBuildConfiguration section */
		17C2740C1F9C8793003A226F /* Debug */ = {
			isa = XCBuildConfiguration;
			buildSettings = {
				ALWAYS_SEARCH_USER_PATHS = NO;
				CLANG_ANALYZER_NONNULL = YES;
				CLANG_ANALYZER_NUMBER_OBJECT_CONVERSION = YES_AGGRESSIVE;
				CLANG_CXX_LANGUAGE_STANDARD = "gnu++0x";
				CLANG_CXX_LIBRARY = "libc++";
				CLANG_ENABLE_MODULES = YES;
				CLANG_ENABLE_OBJC_ARC = YES;
				CLANG_WARN_BOOL_CONVERSION = YES;
				CLANG_WARN_CONSTANT_CONVERSION = YES;
				CLANG_WARN_DIRECT_OBJC_ISA_USAGE = YES_ERROR;
				CLANG_WARN_DOCUMENTATION_COMMENTS = YES;
				CLANG_WARN_EMPTY_BODY = YES;
				CLANG_WARN_ENUM_CONVERSION = YES;
				CLANG_WARN_INFINITE_RECURSION = YES;
				CLANG_WARN_INT_CONVERSION = YES;
				CLANG_WARN_OBJC_ROOT_CLASS = YES_ERROR;
				CLANG_WARN_SUSPICIOUS_MOVE = YES;
				CLANG_WARN_UNREACHABLE_CODE = YES;
				CLANG_WARN__DUPLICATE_METHOD_MATCH = YES;
				"CODE_SIGN_IDENTITY[sdk=iphoneos*]" = "iPhone Developer";
				COPY_PHASE_STRIP = NO;
				DEBUG_INFORMATION_FORMAT = dwarf;
				ENABLE_STRICT_OBJC_MSGSEND = YES;
				ENABLE_TESTABILITY = YES;
				GCC_C_LANGUAGE_STANDARD = gnu99;
				GCC_DYNAMIC_NO_PIC = NO;
				GCC_NO_COMMON_BLOCKS = YES;
				GCC_OPTIMIZATION_LEVEL = 0;
				GCC_PREPROCESSOR_DEFINITIONS = (
					"DEBUG=1",
					"$(inherited)",
				);
				GCC_WARN_64_TO_32_BIT_CONVERSION = YES;
				GCC_WARN_ABOUT_RETURN_TYPE = YES_ERROR;
				GCC_WARN_UNDECLARED_SELECTOR = YES;
				GCC_WARN_UNINITIALIZED_AUTOS = YES_AGGRESSIVE;
				GCC_WARN_UNUSED_FUNCTION = YES;
				GCC_WARN_UNUSED_VARIABLE = YES;
				IPHONEOS_DEPLOYMENT_TARGET = 10.3;
				MTL_ENABLE_DEBUG_INFO = YES;
				ONLY_ACTIVE_ARCH = YES;
				SDKROOT = iphoneos;
			};
			name = Debug;
		};
		17C2740D1F9C8793003A226F /* Release */ = {
			isa = XCBuildConfiguration;
			buildSettings = {
				ALWAYS_SEARCH_USER_PATHS = NO;
				CLANG_ANALYZER_NONNULL = YES;
				CLANG_ANALYZER_NUMBER_OBJECT_CONVERSION = YES_AGGRESSIVE;
				CLANG_CXX_LANGUAGE_STANDARD = "gnu++0x";
				CLANG_CXX_LIBRARY = "libc++";
				CLANG_ENABLE_MODULES = YES;
				CLANG_ENABLE_OBJC_ARC = YES;
				CLANG_WARN_BOOL_CONVERSION = YES;
				CLANG_WARN_CONSTANT_CONVERSION = YES;
				CLANG_WARN_DIRECT_OBJC_ISA_USAGE = YES_ERROR;
				CLANG_WARN_DOCUMENTATION_COMMENTS = YES;
				CLANG_WARN_EMPTY_BODY = YES;
				CLANG_WARN_ENUM_CONVERSION = YES;
				CLANG_WARN_INFINITE_RECURSION = YES;
				CLANG_WARN_INT_CONVERSION = YES;
				CLANG_WARN_OBJC_ROOT_CLASS = YES_ERROR;
				CLANG_WARN_SUSPICIOUS_MOVE = YES;
				CLANG_WARN_UNREACHABLE_CODE = YES;
				CLANG_WARN__DUPLICATE_METHOD_MATCH = YES;
				"CODE_SIGN_IDENTITY[sdk=iphoneos*]" = "iPhone Developer";
				COPY_PHASE_STRIP = NO;
				DEBUG_INFORMATION_FORMAT = "dwarf-with-dsym";
				ENABLE_NS_ASSERTIONS = NO;
				ENABLE_STRICT_OBJC_MSGSEND = YES;
				GCC_C_LANGUAGE_STANDARD = gnu99;
				GCC_NO_COMMON_BLOCKS = YES;
				GCC_WARN_64_TO_32_BIT_CONVERSION = YES;
				GCC_WARN_ABOUT_RETURN_TYPE = YES_ERROR;
				GCC_WARN_UNDECLARED_SELECTOR = YES;
				GCC_WARN_UNINITIALIZED_AUTOS = YES_AGGRESSIVE;
				GCC_WARN_UNUSED_FUNCTION = YES;
				GCC_WARN_UNUSED_VARIABLE = YES;
				IPHONEOS_DEPLOYMENT_TARGET = 10.3;
				MTL_ENABLE_DEBUG_INFO = NO;
				SDKROOT = iphoneos;
				VALIDATE_PRODUCT = YES;
			};
			name = Release;
		};
		17C2740F1F9C8793003A226F /* Debug */ = {
			isa = XCBuildConfiguration;
			buildSettings = {
				ASSETCATALOG_COMPILER_APPICON_NAME = AppIcon;
				DEVELOPMENT_TEAM = 32C6F7YM75;
				INFOPLIST_FILE = iOSProject0001/Info.plist;
				LD_RUNPATH_SEARCH_PATHS = "$(inherited) @executable_path/Frameworks";
				PRODUCT_BUNDLE_IDENTIFIER = JinlongZhang.iOSProject0001;
				PRODUCT_NAME = "$(TARGET_NAME)";
			};
			name = Debug;
		};
		17C274101F9C8793003A226F /* Release */ = {
			isa = XCBuildConfiguration;
			buildSettings = {
				ASSETCATALOG_COMPILER_APPICON_NAME = AppIcon;
				DEVELOPMENT_TEAM = 32C6F7YM75;
				INFOPLIST_FILE = iOSProject0001/Info.plist;
				LD_RUNPATH_SEARCH_PATHS = "$(inherited) @executable_path/Frameworks";
				PRODUCT_BUNDLE_IDENTIFIER = JinlongZhang.iOSProject0001;
				PRODUCT_NAME = "$(TARGET_NAME)";
			};
			name = Release;
		};
/* End XCBuildConfiguration section */

/* Begin XCConfigurationList section */
		17C273F21F9C8793003A226F /* Build configuration list for PBXProject "iOSProject0001" */ = {
			isa = XCConfigurationList;
			buildConfigurations = (
				17C2740C1F9C8793003A226F /* Debug */,
				17C2740D1F9C8793003A226F /* Release */,
			);
			defaultConfigurationIsVisible = 0;
			defaultConfigurationName = Release;
		};
		17C2740E1F9C8793003A226F /* Build configuration list for PBXNativeTarget "iOSProject0001" */ = {
			isa = XCConfigurationList;
			buildConfigurations = (
				17C2740F1F9C8793003A226F /* Debug */,
				17C274101F9C8793003A226F /* Release */,
			);
			defaultConfigurationIsVisible = 0;
		};
/* End XCConfigurationList section */
	};
	rootObject = 17C273EF1F9C8793003A226F /* Project object */;
}
